// !$*UTF8*$!
{
	archiveVersion = 1;
	classes = {
	};
	objectVersion = 50;
	objects = {

/* Begin PBXBuildFile section */
		DC10A99523A0801900E2DC9E /* AppDelegate.swift in Sources */ = {isa = PBXBuildFile; fileRef = DC10A99423A0801900E2DC9E /* AppDelegate.swift */; };
		DC10A99723A0801900E2DC9E /* SceneDelegate.swift in Sources */ = {isa = PBXBuildFile; fileRef = DC10A99623A0801900E2DC9E /* SceneDelegate.swift */; };
		DC10A99923A0801900E2DC9E /* ViewController.swift in Sources */ = {isa = PBXBuildFile; fileRef = DC10A99823A0801900E2DC9E /* ViewController.swift */; };
		DC10A99C23A0801900E2DC9E /* Main.storyboard in Resources */ = {isa = PBXBuildFile; fileRef = DC10A99A23A0801900E2DC9E /* Main.storyboard */; };
		DC10A99E23A0801B00E2DC9E /* Assets.xcassets in Resources */ = {isa = PBXBuildFile; fileRef = DC10A99D23A0801B00E2DC9E /* Assets.xcassets */; };
		DC10A9A123A0801B00E2DC9E /* LaunchScreen.storyboard in Resources */ = {isa = PBXBuildFile; fileRef = DC10A99F23A0801B00E2DC9E /* LaunchScreen.storyboard */; };
		DC10A9A923A0803800E2DC9E /* Song.swift in Sources */ = {isa = PBXBuildFile; fileRef = DC10A9A823A0803800E2DC9E /* Song.swift */; };
		DC10A9AB23A0829D00E2DC9E /* SongTableViewController.swift in Sources */ = {isa = PBXBuildFile; fileRef = DC10A9AA23A0829D00E2DC9E /* SongTableViewController.swift */; };
		DC10A9AD23A082C800E2DC9E /* SongTableViewCell.swift in Sources */ = {isa = PBXBuildFile; fileRef = DC10A9AC23A082C800E2DC9E /* SongTableViewCell.swift */; };
		DC10A9AF23A0832800E2DC9E /* SongDetailViewController.swift in Sources */ = {isa = PBXBuildFile; fileRef = DC10A9AE23A0832800E2DC9E /* SongDetailViewController.swift */; };
/* End PBXBuildFile section */

/* Begin PBXFileReference section */
		DC10A99123A0801900E2DC9E /* TestCodable.app */ = {isa = PBXFileReference; explicitFileType = wrapper.application; includeInIndex = 0; path = TestCodable.app; sourceTree = BUILT_PRODUCTS_DIR; };
		DC10A99423A0801900E2DC9E /* AppDelegate.swift */ = {isa = PBXFileReference; lastKnownFileType = sourcecode.swift; path = AppDelegate.swift; sourceTree = "<group>"; };
		DC10A99623A0801900E2DC9E /* SceneDelegate.swift */ = {isa = PBXFileReference; lastKnownFileType = sourcecode.swift; path = SceneDelegate.swift; sourceTree = "<group>"; };
		DC10A99823A0801900E2DC9E /* ViewController.swift */ = {isa = PBXFileReference; lastKnownFileType = sourcecode.swift; path = ViewController.swift; sourceTree = "<group>"; };
		DC10A99B23A0801900E2DC9E /* Base */ = {isa = PBXFileReference; lastKnownFileType = file.storyboard; name = Base; path = Base.lproj/Main.storyboard; sourceTree = "<group>"; };
		DC10A99D23A0801B00E2DC9E /* Assets.xcassets */ = {isa = PBXFileReference; lastKnownFileType = folder.assetcatalog; path = Assets.xcassets; sourceTree = "<group>"; };
		DC10A9A023A0801B00E2DC9E /* Base */ = {isa = PBXFileReference; lastKnownFileType = file.storyboard; name = Base; path = Base.lproj/LaunchScreen.storyboard; sourceTree = "<group>"; };
		DC10A9A223A0801B00E2DC9E /* Info.plist */ = {isa = PBXFileReference; lastKnownFileType = text.plist.xml; path = Info.plist; sourceTree = "<group>"; };
		DC10A9A823A0803800E2DC9E /* Song.swift */ = {isa = PBXFileReference; lastKnownFileType = sourcecode.swift; path = Song.swift; sourceTree = "<group>"; };
		DC10A9AA23A0829D00E2DC9E /* SongTableViewController.swift */ = {isa = PBXFileReference; lastKnownFileType = sourcecode.swift; path = SongTableViewController.swift; sourceTree = "<group>"; };
		DC10A9AC23A082C800E2DC9E /* SongTableViewCell.swift */ = {isa = PBXFileReference; lastKnownFileType = sourcecode.swift; path = SongTableViewCell.swift; sourceTree = "<group>"; };
		DC10A9AE23A0832800E2DC9E /* SongDetailViewController.swift */ = {isa = PBXFileReference; lastKnownFileType = sourcecode.swift; path = SongDetailViewController.swift; sourceTree = "<group>"; };
/* End PBXFileReference section */

/* Begin PBXFrameworksBuildPhase section */
		DC10A98E23A0801900E2DC9E /* Frameworks */ = {
			isa = PBXFrameworksBuildPhase;
			buildActionMask = 2147483647;
			files = (
			);
			runOnlyForDeploymentPostprocessing = 0;
		};
/* End PBXFrameworksBuildPhase section */

/* Begin PBXGroup section */
		DC10A98823A0801900E2DC9E = {
			isa = PBXGroup;
			children = (
				DC10A9A823A0803800E2DC9E /* Song.swift */,
				DC10A99323A0801900E2DC9E /* TestCodable */,
				DC10A99223A0801900E2DC9E /* Products */,
			);
			sourceTree = "<group>";
		};
		DC10A99223A0801900E2DC9E /* Products */ = {
			isa = PBXGroup;
			children = (
				DC10A99123A0801900E2DC9E /* TestCodable.app */,
			);
			name = Products;
			sourceTree = "<group>";
		};
		DC10A99323A0801900E2DC9E /* TestCodable */ = {
			isa = PBXGroup;
			children = (
				DC10A99423A0801900E2DC9E /* AppDelegate.swift */,
				DC10A99623A0801900E2DC9E /* SceneDelegate.swift */,
				DC10A99823A0801900E2DC9E /* ViewController.swift */,
				DC10A99A23A0801900E2DC9E /* Main.storyboard */,
				DC10A9AA23A0829D00E2DC9E /* SongTableViewController.swift */,
				DC10A9AC23A082C800E2DC9E /* SongTableViewCell.swift */,
				DC10A9AE23A0832800E2DC9E /* SongDetailViewController.swift */,
				DC10A99D23A0801B00E2DC9E /* Assets.xcassets */,
				DC10A99F23A0801B00E2DC9E /* LaunchScreen.storyboard */,
				DC10A9A223A0801B00E2DC9E /* Info.plist */,
			);
			path = TestCodable;
			sourceTree = "<group>";
		};
/* End PBXGroup section */

/* Begin PBXNativeTarget section */
		DC10A99023A0801900E2DC9E /* TestCodable */ = {
			isa = PBXNativeTarget;
			buildConfigurationList = DC10A9A523A0801B00E2DC9E /* Build configuration list for PBXNativeTarget "TestCodable" */;
			buildPhases = (
				DC10A98D23A0801900E2DC9E /* Sources */,
				DC10A98E23A0801900E2DC9E /* Frameworks */,
				DC10A98F23A0801900E2DC9E /* Resources */,
			);
			buildRules = (
			);
			dependencies = (
			);
			name = TestCodable;
			productName = TestCodable;
			productReference = DC10A99123A0801900E2DC9E /* TestCodable.app */;
			productType = "com.apple.product-type.application";
		};
/* End PBXNativeTarget section */

/* Begin PBXProject section */
		DC10A98923A0801900E2DC9E /* Project object */ = {
			isa = PBXProject;
			attributes = {
				LastSwiftUpdateCheck = 1120;
				LastUpgradeCheck = 1120;
				ORGANIZATIONNAME = Yvonne;
				TargetAttributes = {
					DC10A99023A0801900E2DC9E = {
						CreatedOnToolsVersion = 11.2.1;
					};
				};
			};
			buildConfigurationList = DC10A98C23A0801900E2DC9E /* Build configuration list for PBXProject "TestCodable" */;
			compatibilityVersion = "Xcode 9.3";
			developmentRegion = en;
			hasScannedForEncodings = 0;
			knownRegions = (
				en,
				Base,
			);
			mainGroup = DC10A98823A0801900E2DC9E;
			productRefGroup = DC10A99223A0801900E2DC9E /* Products */;
			projectDirPath = "";
			projectRoot = "";
			targets = (
				DC10A99023A0801900E2DC9E /* TestCodable */,
			);
		};
/* End PBXProject section */

/* Begin PBXResourcesBuildPhase section */
		DC10A98F23A0801900E2DC9E /* Resources */ = {
			isa = PBXResourcesBuildPhase;
			buildActionMask = 2147483647;
			files = (
				DC10A9A123A0801B00E2DC9E /* LaunchScreen.storyboard in Resources */,
				DC10A99E23A0801B00E2DC9E /* Assets.xcassets in Resources */,
				DC10A99C23A0801900E2DC9E /* Main.storyboard in Resources */,
			);
			runOnlyForDeploymentPostprocessing = 0;
		};
/* End PBXResourcesBuildPhase section */

/* Begin PBXSourcesBuildPhase section */
		DC10A98D23A0801900E2DC9E /* Sources */ = {
			isa = PBXSourcesBuildPhase;
			buildActionMask = 2147483647;
			files = (
				DC10A9AD23A082C800E2DC9E /* SongTableViewCell.swift in Sources */,
				DC10A9AB23A0829D00E2DC9E /* SongTableViewController.swift in Sources */,
				DC10A9A923A0803800E2DC9E /* Song.swift in Sources */,
				DC10A99923A0801900E2DC9E /* ViewController.swift in Sources */,
				DC10A9AF23A0832800E2DC9E /* SongDetailViewController.swift in Sources */,
				DC10A99523A0801900E2DC9E /* AppDelegate.swift in Sources */,
				DC10A99723A0801900E2DC9E /* SceneDelegate.swift in Sources */,
			);
			runOnlyForDeploymentPostprocessing = 0;
		};
/* End PBXSourcesBuildPhase section */

/* Begin PBXVariantGroup section */
		DC10A99A23A0801900E2DC9E /* Main.storyboard */ = {
			isa = PBXVariantGroup;
			children = (
				DC10A99B23A0801900E2DC9E /* Base */,
			);
			name = Main.storyboard;
			sourceTree = "<group>";
		};
		DC10A99F23A0801B00E2DC9E /* LaunchScreen.storyboard */ = {
			isa = PBXVariantGroup;
			children = (
				DC10A9A023A0801B00E2DC9E /* Base */,
			);
			name = LaunchScreen.storyboard;
			sourceTree = "<group>";
		};
/* End PBXVariantGroup section */

/* Begin XCBuildConfiguration section */
		DC10A9A323A0801B00E2DC9E /* Debug */ = {
			isa = XCBuildConfiguration;
			buildSettings = {
				ALWAYS_SEARCH_USER_PATHS = NO;
				CLANG_ANALYZER_NONNULL = YES;
				CLANG_ANALYZER_NUMBER_OBJECT_CONVERSION = YES_AGGRESSIVE;
				CLANG_CXX_LANGUAGE_STANDARD = "gnu++14";
				CLANG_CXX_LIBRARY = "libc++";
				CLANG_ENABLE_MODULES = YES;
				CLANG_ENABLE_OBJC_ARC = YES;
				CLANG_ENABLE_OBJC_WEAK = YES;
				CLANG_WARN_BLOCK_CAPTURE_AUTORELEASING = YES;
				CLANG_WARN_BOOL_CONVERSION = YES;
				CLANG_WARN_COMMA = YES;
				CLANG_WARN_CONSTANT_CONVERSION = YES;
				CLANG_WARN_DEPRECATED_OBJC_IMPLEMENTATIONS = YES;
				CLANG_WARN_DIRECT_OBJC_ISA_USAGE = YES_ERROR;
				CLANG_WARN_DOCUMENTATION_COMMENTS = YES;
				CLANG_WARN_EMPTY_BODY = YES;
				CLANG_WARN_ENUM_CONVERSION = YES;
				CLANG_WARN_INFINITE_RECURSION = YES;
				CLANG_WARN_INT_CONVERSION = YES;
				CLANG_WARN_NON_LITERAL_NULL_CONVERSION = YES;
				CLANG_WARN_OBJC_IMPLICIT_RETAIN_SELF = YES;
				CLANG_WARN_OBJC_LITERAL_CONVERSION = YES;
				CLANG_WARN_OBJC_ROOT_CLASS = YES_ERROR;
				CLANG_WARN_RANGE_LOOP_ANALYSIS = YES;
				CLANG_WARN_STRICT_PROTOTYPES = YES;
				CLANG_WARN_SUSPICIOUS_MOVE = YES;
				CLANG_WARN_UNGUARDED_AVAILABILITY = YES_AGGRESSIVE;
				CLANG_WARN_UNREACHABLE_CODE = YES;
				CLANG_WARN__DUPLICATE_METHOD_MATCH = YES;
				COPY_PHASE_STRIP = NO;
				DEBUG_INFORMATION_FORMAT = dwarf;
				ENABLE_STRICT_OBJC_MSGSEND = YES;
				ENABLE_TESTABILITY = YES;
				GCC_C_LANGUAGE_STANDARD = gnu11;
				GCC_DYNAMIC_NO_PIC = NO;
				GCC_NO_COMMON_BLOCKS = YES;
				GCC_OPTIMIZATION_LEVEL = 0;
				GCC_PREPROCESSOR_DEFINITIONS = (
					"DEBUG=1",
					"$(inherited)",
				);
				GCC_WARN_64_TO_32_BIT_CONVERSION = YES;
				GCC_WARN_ABOUT_RETURN_TYPE = YES_ERROR;
				GCC_WARN_UNDECLARED_SELECTOR = YES;
				GCC_WARN_UNINITIALIZED_AUTOS = YES_AGGRESSIVE;
				GCC_WARN_UNUSED_FUNCTION = YES;
				GCC_WARN_UNUSED_VARIABLE = YES;
				IPHONEOS_DEPLOYMENT_TARGET = 13.2;
				MTL_ENABLE_DEBUG_INFO = INCLUDE_SOURCE;
				MTL_FAST_MATH = YES;
				ONLY_ACTIVE_ARCH = YES;
				SDKROOT = iphoneos;
				SWIFT_ACTIVE_COMPILATION_CONDITIONS = DEBUG;
				SWIFT_OPTIMIZATION_LEVEL = "-Onone";
			};
			name = Debug;
		};
		DC10A9A423A0801B00E2DC9E /* Release */ = {
			isa = XCBuildConfiguration;
			buildSettings = {
				ALWAYS_SEARCH_USER_PATHS = NO;
				CLANG_ANALYZER_NONNULL = YES;
				CLANG_ANALYZER_NUMBER_OBJECT_CONVERSION = YES_AGGRESSIVE;
				CLANG_CXX_LANGUAGE_STANDARD = "gnu++14";
				CLANG_CXX_LIBRARY = "libc++";
				CLANG_ENABLE_MODULES = YES;
				CLANG_ENABLE_OBJC_ARC = YES;
				CLANG_ENABLE_OBJC_WEAK = YES;
				CLANG_WARN_BLOCK_CAPTURE_AUTORELEASING = YES;
				CLANG_WARN_BOOL_CONVERSION = YES;
				CLANG_WARN_COMMA = YES;
				CLANG_WARN_CONSTANT_CONVERSION = YES;
				CLANG_WARN_DEPRECATED_OBJC_IMPLEMENTATIONS = YES;
				CLANG_WARN_DIRECT_OBJC_ISA_USAGE = YES_ERROR;
				CLANG_WARN_DOCUMENTATION_COMMENTS = YES;
				CLANG_WARN_EMPTY_BODY = YES;
				CLANG_WARN_ENUM_CONVERSION = YES;
				CLANG_WARN_INFINITE_RECURSION = YES;
				CLANG_WARN_INT_CONVERSION = YES;
				CLANG_WARN_NON_LITERAL_NULL_CONVERSION = YES;
				CLANG_WARN_OBJC_IMPLICIT_RETAIN_SELF = YES;
				CLANG_WARN_OBJC_LITERAL_CONVERSION = YES;
				CLANG_WARN_OBJC_ROOT_CLASS = YES_ERROR;
				CLANG_WARN_RANGE_LOOP_ANALYSIS = YES;
				CLANG_WARN_STRICT_PROTOTYPES = YES;
				CLANG_WARN_SUSPICIOUS_MOVE = YES;
				CLANG_WARN_UNGUARDED_AVAILABILITY = YES_AGGRESSIVE;
				CLANG_WARN_UNREACHABLE_CODE = YES;
				CLANG_WARN__DUPLICATE_METHOD_MATCH = YES;
				COPY_PHASE_STRIP = NO;
				DEBUG_INFORMATION_FORMAT = "dwarf-with-dsym";
				ENABLE_NS_ASSERTIONS = NO;
				ENABLE_STRICT_OBJC_MSGSEND = YES;
				GCC_C_LANGUAGE_STANDARD = gnu11;
				GCC_NO_COMMON_BLOCKS = YES;
				GCC_WARN_64_TO_32_BIT_CONVERSION = YES;
				GCC_WARN_ABOUT_RETURN_TYPE = YES_ERROR;
				GCC_WARN_UNDECLARED_SELECTOR = YES;
				GCC_WARN_UNINITIALIZED_AUTOS = YES_AGGRESSIVE;
				GCC_WARN_UNUSED_FUNCTION = YES;
				GCC_WARN_UNUSED_VARIABLE = YES;
				IPHONEOS_DEPLOYMENT_TARGET = 13.2;
				MTL_ENABLE_DEBUG_INFO = NO;
				MTL_FAST_MATH = YES;
				SDKROOT = iphoneos;
				SWIFT_COMPILATION_MODE = wholemodule;
				SWIFT_OPTIMIZATION_LEVEL = "-O";
				VALIDATE_PRODUCT = YES;
			};
			name = Release;
		};
		DC10A9A623A0801B00E2DC9E /* Debug */ = {
			isa = XCBuildConfiguration;
			buildSettings = {
				ASSETCATALOG_COMPILER_APPICON_NAME = AppIcon;
				CODE_SIGN_STYLE = Automatic;
				DEVELOPMENT_TEAM = 8AA3AD9V8X;
				INFOPLIST_FILE = TestCodable/Info.plist;
				LD_RUNPATH_SEARCH_PATHS = (
					"$(inherited)",
					"@executable_path/Frameworks",
				);
				PRODUCT_BUNDLE_IDENTIFIER = com.tintinye.TestCodable;
				PRODUCT_NAME = "$(TARGET_NAME)";
				SWIFT_VERSION = 5.0;
				TARGETED_DEVICE_FAMILY = "1,2";
			};
			name = Debug;
		};
		DC10A9A723A0801B00E2DC9E /* Release */ = {
			isa = XCBuildConfiguration;
			buildSettings = {
				ASSETCATALOG_COMPILER_APPICON_NAME = AppIcon;
				CODE_SIGN_STYLE = Automatic;
				DEVELOPMENT_TEAM = 8AA3AD9V8X;
				INFOPLIST_FILE = TestCodable/Info.plist;
				LD_RUNPATH_SEARCH_PATHS = (
					"$(inherited)",
					"@executable_path/Frameworks",
				);
				PRODUCT_BUNDLE_IDENTIFIER = com.tintinye.TestCodable;
				PRODUCT_NAME = "$(TARGET_NAME)";
				SWIFT_VERSION = 5.0;
				TARGETED_DEVICE_FAMILY = "1,2";
			};
			name = Release;
		};
/* End XCBuildConfiguration section */

/* Begin XCConfigurationList section */
		DC10A98C23A0801900E2DC9E /* Build configuration list for PBXProject "TestCodable" */ = {
			isa = XCConfigurationList;
			buildConfigurations = (
				DC10A9A323A0801B00E2DC9E /* Debug */,
				DC10A9A423A0801B00E2DC9E /* Release */,
			);
			defaultConfigurationIsVisible = 0;
			defaultConfigurationName = Release;
		};
		DC10A9A523A0801B00E2DC9E /* Build configuration list for PBXNativeTarget "TestCodable" */ = {
			isa = XCConfigurationList;
			buildConfigurations = (
				DC10A9A623A0801B00E2DC9E /* Debug */,
				DC10A9A723A0801B00E2DC9E /* Release */,
			);
			defaultConfigurationIsVisible = 0;
			defaultConfigurationName = Release;
		};
/* End XCConfigurationList section */
	};
	rootObject = DC10A98923A0801900E2DC9E /* Project object */;
}
